
Microsoft Visual Studio Solution File, Format Version 12.00
# Visual Studio 15
VisualStudioVersion = 15.0.28307.168
MinimumVisualStudioVersion = 10.0.40219.1
Project("{FAE04EC0-301F-11D3-BF4B-00C04F79EFBC}") = "Project2", "Project2\Project2.csproj", "{6F513B53-6883-4153-97DF-1E70C392F167}"
EndProject
Global
	GlobalSection(SolutionConfigurationPlatforms) = preSolution
		Debug|Any CPU = Debug|Any CPU
		Release|Any CPU = Release|Any CPU
	EndGlobalSection
	GlobalSection(ProjectConfigurationPlatforms) = postSolution
		{6F513B53-6883-4153-97DF-1E70C392F167}.Debug|Any CPU.ActiveCfg = Debug|Any CPU
		{6F513B53-6883-4153-97DF-1E70C392F167}.Debug|Any CPU.Build.0 = Debug|Any CPU
		{6F513B53-6883-4153-97DF-1E70C392F167}.Release|Any CPU.ActiveCfg = Release|Any CPU
		{6F513B53-6883-4153-97DF-1E70C392F167}.Release|Any CPU.Build.0 = Release|Any CPU
	EndGlobalSection
	GlobalSection(SolutionProperties) = preSolution
		HideSolutionNode = FALSE
	EndGlobalSection
	GlobalSection(ExtensibilityGlobals) = postSolution
		SolutionGuid = {86B2FDDB-5417-4D20-898E-3BA98AFC1319}
	EndGlobalSection
EndGlobal
